
Microsoft Visual Studio Solution File, Format Version 12.00
# Visual Studio Version 17
VisualStudioVersion = 17.8.34330.188
MinimumVisualStudioVersion = 10.0.40219.1
Project("{FAE04EC0-301F-11D3-BF4B-00C04F79EFBC}") = "Infrastructure", "Infrastructure\Infrastructure.csproj", "{DEBCC508-4A93-455B-84D2-C432C7EE09FC}"
EndProject
Project("{FAE04EC0-301F-11D3-BF4B-00C04F79EFBC}") = "Presentation.ConsoleApp", "Presentation.ConsoleApp\Presentation.ConsoleApp.csproj", "{4C8936ED-6B4C-4902-9628-F0311E7E25E0}"
EndProject
Global
	GlobalSection(SolutionConfigurationPlatforms) = preSolution
		Debug|Any CPU = Debug|Any CPU
		Release|Any CPU = Release|Any CPU
	EndGlobalSection
	GlobalSection(ProjectConfigurationPlatforms) = postSolution
		{DEBCC508-4A93-455B-84D2-C432C7EE09FC}.Debug|Any CPU.ActiveCfg = Debug|Any CPU
		{DEBCC508-4A93-455B-84D2-C432C7EE09FC}.Debug|Any CPU.Build.0 = Debug|Any CPU
		{DEBCC508-4A93-455B-84D2-C432C7EE09FC}.Release|Any CPU.ActiveCfg = Release|Any CPU
		{DEBCC508-4A93-455B-84D2-C432C7EE09FC}.Release|Any CPU.Build.0 = Release|Any CPU
		{4C8936ED-6B4C-4902-9628-F0311E7E25E0}.Debug|Any CPU.ActiveCfg = Debug|Any CPU
		{4C8936ED-6B4C-4902-9628-F0311E7E25E0}.Debug|Any CPU.Build.0 = Debug|Any CPU
		{4C8936ED-6B4C-4902-9628-F0311E7E25E0}.Release|Any CPU.ActiveCfg = Release|Any CPU
		{4C8936ED-6B4C-4902-9628-F0311E7E25E0}.Release|Any CPU.Build.0 = Release|Any CPU
	EndGlobalSection
	GlobalSection(SolutionProperties) = preSolution
		HideSolutionNode = FALSE
	EndGlobalSection
	GlobalSection(ExtensibilityGlobals) = postSolution
		SolutionGuid = {A992342F-E7A8-4737-8DBA-D192CBAA2BF5}
	EndGlobalSection
EndGlobal
